
Microsoft Visual Studio Solution File, Format Version 12.00
# Visual Studio Version 17
VisualStudioVersion = 17.7.34003.232
MinimumVisualStudioVersion = 10.0.40219.1
Project("{9A19103F-16F7-4668-BE54-9A1E7A4F7556}") = "MSO_P3_Forms", "MSO_P3_Forms.csproj", "{28A24FBB-E2C0-48CF-9A7C-DAA967190A92}"
EndProject
Project("{9A19103F-16F7-4668-BE54-9A1E7A4F7556}") = "MSO_P2_Code", "..\MSO_P2_Code\MSO_P2_Code.csproj", "{21E905BF-035E-427C-8DA9-ECD40690E4A8}"
EndProject
Project("{9A19103F-16F7-4668-BE54-9A1E7A4F7556}") = "MSO_P2_Tests", "..\MSO_P2_Tests\MSO_P2_Tests.csproj", "{9E9F0066-54F3-418A-8D6B-6D5E924E3BCF}"
EndProject
Global
	GlobalSection(SolutionConfigurationPlatforms) = preSolution
		Debug|Any CPU = Debug|Any CPU
		Release|Any CPU = Release|Any CPU
	EndGlobalSection
	GlobalSection(ProjectConfigurationPlatforms) = postSolution
		{28A24FBB-E2C0-48CF-9A7C-DAA967190A92}.Debug|Any CPU.ActiveCfg = Debug|Any CPU
		{28A24FBB-E2C0-48CF-9A7C-DAA967190A92}.Debug|Any CPU.Build.0 = Debug|Any CPU
		{28A24FBB-E2C0-48CF-9A7C-DAA967190A92}.Release|Any CPU.ActiveCfg = Release|Any CPU
		{28A24FBB-E2C0-48CF-9A7C-DAA967190A92}.Release|Any CPU.Build.0 = Release|Any CPU
		{21E905BF-035E-427C-8DA9-ECD40690E4A8}.Debug|Any CPU.ActiveCfg = Debug|Any CPU
		{21E905BF-035E-427C-8DA9-ECD40690E4A8}.Debug|Any CPU.Build.0 = Debug|Any CPU
		{21E905BF-035E-427C-8DA9-ECD40690E4A8}.Release|Any CPU.ActiveCfg = Release|Any CPU
		{21E905BF-035E-427C-8DA9-ECD40690E4A8}.Release|Any CPU.Build.0 = Release|Any CPU
		{9E9F0066-54F3-418A-8D6B-6D5E924E3BCF}.Debug|Any CPU.ActiveCfg = Debug|Any CPU
		{9E9F0066-54F3-418A-8D6B-6D5E924E3BCF}.Debug|Any CPU.Build.0 = Debug|Any CPU
		{9E9F0066-54F3-418A-8D6B-6D5E924E3BCF}.Release|Any CPU.ActiveCfg = Release|Any CPU
		{9E9F0066-54F3-418A-8D6B-6D5E924E3BCF}.Release|Any CPU.Build.0 = Release|Any CPU
	EndGlobalSection
	GlobalSection(SolutionProperties) = preSolution
		HideSolutionNode = FALSE
	EndGlobalSection
	GlobalSection(ExtensibilityGlobals) = postSolution
		SolutionGuid = {AC45F8ED-F2E9-43B2-B31D-BA2AE7530687}
	EndGlobalSection
EndGlobal
