
Microsoft Visual Studio Solution File, Format Version 12.00
# Visual Studio Version 17
VisualStudioVersion = 17.7.34003.232
MinimumVisualStudioVersion = 10.0.40219.1
Project("{9A19103F-16F7-4668-BE54-9A1E7A4F7556}") = "MSO_P2_Code", "MSO_P2_Code.csproj", "{DD033E98-A881-4A7C-B79C-96F0DEE5AA18}"
EndProject
Project("{FAE04EC0-301F-11D3-BF4B-00C04F79EFBC}") = "MSO_P2_Tests", "..\MSO_P2_Tests\MSO_P2_Tests.csproj", "{20DF4212-C189-4E2B-B0D2-4BDC57863416}"
EndProject
Global
	GlobalSection(SolutionConfigurationPlatforms) = preSolution
		Debug|Any CPU = Debug|Any CPU
		Release|Any CPU = Release|Any CPU
	EndGlobalSection
	GlobalSection(ProjectConfigurationPlatforms) = postSolution
		{DD033E98-A881-4A7C-B79C-96F0DEE5AA18}.Debug|Any CPU.ActiveCfg = Debug|Any CPU
		{DD033E98-A881-4A7C-B79C-96F0DEE5AA18}.Debug|Any CPU.Build.0 = Debug|Any CPU
		{DD033E98-A881-4A7C-B79C-96F0DEE5AA18}.Release|Any CPU.ActiveCfg = Release|Any CPU
		{DD033E98-A881-4A7C-B79C-96F0DEE5AA18}.Release|Any CPU.Build.0 = Release|Any CPU
		{20DF4212-C189-4E2B-B0D2-4BDC57863416}.Debug|Any CPU.ActiveCfg = Debug|Any CPU
		{20DF4212-C189-4E2B-B0D2-4BDC57863416}.Debug|Any CPU.Build.0 = Debug|Any CPU
		{20DF4212-C189-4E2B-B0D2-4BDC57863416}.Release|Any CPU.ActiveCfg = Release|Any CPU
		{20DF4212-C189-4E2B-B0D2-4BDC57863416}.Release|Any CPU.Build.0 = Release|Any CPU
	EndGlobalSection
	GlobalSection(SolutionProperties) = preSolution
		HideSolutionNode = FALSE
	EndGlobalSection
	GlobalSection(ExtensibilityGlobals) = postSolution
		SolutionGuid = {7B0E5729-92F8-47B5-AFED-B7AC909B9D7B}
	EndGlobalSection
EndGlobal
